
Microsoft Visual Studio Solution File, Format Version 12.00
# Visual Studio Version 16
VisualStudioVersion = 16.0.30011.22
MinimumVisualStudioVersion = 10.0.40219.1
Project("{FAE04EC0-301F-11D3-BF4B-00C04F79EFBC}") = "GmicSharpExample", "GmicSharpExample.csproj", "{6A915A7C-0573-4130-9673-057016AC17AD}"
EndProject
Global
	GlobalSection(SolutionConfigurationPlatforms) = preSolution
		Debug|Any CPU = Debug|Any CPU
		Release|Any CPU = Release|Any CPU
	EndGlobalSection
	GlobalSection(ProjectConfigurationPlatforms) = postSolution
		{6A915A7C-0573-4130-9673-057016AC17AD}.Debug|Any CPU.ActiveCfg = Debug|Any CPU
		{6A915A7C-0573-4130-9673-057016AC17AD}.Debug|Any CPU.Build.0 = Debug|Any CPU
		{6A915A7C-0573-4130-9673-057016AC17AD}.Release|Any CPU.ActiveCfg = Release|Any CPU
		{6A915A7C-0573-4130-9673-057016AC17AD}.Release|Any CPU.Build.0 = Release|Any CPU
	EndGlobalSection
	GlobalSection(SolutionProperties) = preSolution
		HideSolutionNode = FALSE
	EndGlobalSection
	GlobalSection(ExtensibilityGlobals) = postSolution
		SolutionGuid = {92CFE372-B9B7-4B7C-8E47-AE02A2AFADF2}
	EndGlobalSection
EndGlobal
